
Microsoft Visual Studio Solution File, Format Version 12.00
Project("{FAE04EC0-301F-11D3-BF4B-00C04F79EFBC}") = "MyCleanCode.Api", "MyCleanCode.Api\MyCleanCode.Api.csproj", "{3FCD5890-3A6F-48EA-A696-380853944748}"
EndProject
Project("{2150E333-8FDC-42A3-9474-1A3956D46DE8}") = "Core", "Core", "{8698F943-1890-4CC7-A086-8DC65B18D3EC}"
EndProject
Project("{2150E333-8FDC-42A3-9474-1A3956D46DE8}") = "API", "API", "{52F60F82-3AFF-462F-85FF-B89A757DA057}"
EndProject
Project("{FAE04EC0-301F-11D3-BF4B-00C04F79EFBC}") = "MyCleanCode.Domain", "MyCleanCode.Domain\MyCleanCode.Domain.csproj", "{22DE8030-2044-484C-B4FA-DEB1BA64DF27}"
EndProject
Project("{FAE04EC0-301F-11D3-BF4B-00C04F79EFBC}") = "MyCleanCode.Application", "MyCleanCode.Application\MyCleanCode.Application.csproj", "{9644906D-296E-4C10-8046-768B5B9BBBDF}"
EndProject
Project("{2150E333-8FDC-42A3-9474-1A3956D46DE8}") = "Infrastructure", "Infrastructure", "{35D6EA26-BF4A-4A6A-8713-0088D54B9684}"
EndProject
Project("{FAE04EC0-301F-11D3-BF4B-00C04F79EFBC}") = "MyCleanCode.Persistence", "MyCleanCode.Persistence\MyCleanCode.Persistence.csproj", "{3D0E279D-CF9E-4DB7-81DE-D0F9871C4A97}"
EndProject
Project("{FAE04EC0-301F-11D3-BF4B-00C04F79EFBC}") = "MyCleanCode.Infrastructure", "MyCleanCode.Infrastructure\MyCleanCode.Infrastructure.csproj", "{19AD5131-02AF-4097-88E9-ED91D738C2DF}"
EndProject
Global
	GlobalSection(SolutionConfigurationPlatforms) = preSolution
		Debug|Any CPU = Debug|Any CPU
		Release|Any CPU = Release|Any CPU
	EndGlobalSection
	GlobalSection(ProjectConfigurationPlatforms) = postSolution
		{3FCD5890-3A6F-48EA-A696-380853944748}.Debug|Any CPU.ActiveCfg = Debug|Any CPU
		{3FCD5890-3A6F-48EA-A696-380853944748}.Debug|Any CPU.Build.0 = Debug|Any CPU
		{3FCD5890-3A6F-48EA-A696-380853944748}.Release|Any CPU.ActiveCfg = Release|Any CPU
		{3FCD5890-3A6F-48EA-A696-380853944748}.Release|Any CPU.Build.0 = Release|Any CPU
		{22DE8030-2044-484C-B4FA-DEB1BA64DF27}.Debug|Any CPU.ActiveCfg = Debug|Any CPU
		{22DE8030-2044-484C-B4FA-DEB1BA64DF27}.Debug|Any CPU.Build.0 = Debug|Any CPU
		{22DE8030-2044-484C-B4FA-DEB1BA64DF27}.Release|Any CPU.ActiveCfg = Release|Any CPU
		{22DE8030-2044-484C-B4FA-DEB1BA64DF27}.Release|Any CPU.Build.0 = Release|Any CPU
		{9644906D-296E-4C10-8046-768B5B9BBBDF}.Debug|Any CPU.ActiveCfg = Debug|Any CPU
		{9644906D-296E-4C10-8046-768B5B9BBBDF}.Debug|Any CPU.Build.0 = Debug|Any CPU
		{9644906D-296E-4C10-8046-768B5B9BBBDF}.Release|Any CPU.ActiveCfg = Release|Any CPU
		{9644906D-296E-4C10-8046-768B5B9BBBDF}.Release|Any CPU.Build.0 = Release|Any CPU
		{3D0E279D-CF9E-4DB7-81DE-D0F9871C4A97}.Debug|Any CPU.ActiveCfg = Debug|Any CPU
		{3D0E279D-CF9E-4DB7-81DE-D0F9871C4A97}.Debug|Any CPU.Build.0 = Debug|Any CPU
		{3D0E279D-CF9E-4DB7-81DE-D0F9871C4A97}.Release|Any CPU.ActiveCfg = Release|Any CPU
		{3D0E279D-CF9E-4DB7-81DE-D0F9871C4A97}.Release|Any CPU.Build.0 = Release|Any CPU
		{19AD5131-02AF-4097-88E9-ED91D738C2DF}.Debug|Any CPU.ActiveCfg = Debug|Any CPU
		{19AD5131-02AF-4097-88E9-ED91D738C2DF}.Debug|Any CPU.Build.0 = Debug|Any CPU
		{19AD5131-02AF-4097-88E9-ED91D738C2DF}.Release|Any CPU.ActiveCfg = Release|Any CPU
		{19AD5131-02AF-4097-88E9-ED91D738C2DF}.Release|Any CPU.Build.0 = Release|Any CPU
	EndGlobalSection
	GlobalSection(NestedProjects) = preSolution
		{22DE8030-2044-484C-B4FA-DEB1BA64DF27} = {8698F943-1890-4CC7-A086-8DC65B18D3EC}
		{9644906D-296E-4C10-8046-768B5B9BBBDF} = {8698F943-1890-4CC7-A086-8DC65B18D3EC}
		{3D0E279D-CF9E-4DB7-81DE-D0F9871C4A97} = {35D6EA26-BF4A-4A6A-8713-0088D54B9684}
		{3FCD5890-3A6F-48EA-A696-380853944748} = {52F60F82-3AFF-462F-85FF-B89A757DA057}
		{19AD5131-02AF-4097-88E9-ED91D738C2DF} = {35D6EA26-BF4A-4A6A-8713-0088D54B9684}
	EndGlobalSection
EndGlobal
